// !$*UTF8*$!
{
	archiveVersion = 1;
	classes = {
	};
	objectVersion = 55;
	objects = {

/* Begin PBXBuildFile section */
		04FBD58B276C9A8000AF8684 /* AppDelegate.swift in Sources */ = {isa = PBXBuildFile; fileRef = 04FBD58A276C9A8000AF8684 /* AppDelegate.swift */; };
		04FBD58D276C9A8000AF8684 /* SceneDelegate.swift in Sources */ = {isa = PBXBuildFile; fileRef = 04FBD58C276C9A8000AF8684 /* SceneDelegate.swift */; };
		04FBD58F276C9A8000AF8684 /* ViewController.swift in Sources */ = {isa = PBXBuildFile; fileRef = 04FBD58E276C9A8000AF8684 /* ViewController.swift */; };
		04FBD592276C9A8000AF8684 /* Main.storyboard in Resources */ = {isa = PBXBuildFile; fileRef = 04FBD590276C9A8000AF8684 /* Main.storyboard */; };
		04FBD594276C9A8500AF8684 /* Assets.xcassets in Resources */ = {isa = PBXBuildFile; fileRef = 04FBD593276C9A8500AF8684 /* Assets.xcassets */; };
		04FBD597276C9A8500AF8684 /* LaunchScreen.storyboard in Resources */ = {isa = PBXBuildFile; fileRef = 04FBD595276C9A8500AF8684 /* LaunchScreen.storyboard */; };
		04FBD5C3276D64BA00AF8684 /* HeaderView.swift in Sources */ = {isa = PBXBuildFile; fileRef = 04FBD5C2276D64BA00AF8684 /* HeaderView.swift */; };
		04FBD5C5276D652500AF8684 /* FooterView.swift in Sources */ = {isa = PBXBuildFile; fileRef = 04FBD5C4276D652400AF8684 /* FooterView.swift */; };
/* End PBXBuildFile section */

/* Begin PBXFileReference section */
		04FBD587276C9A8000AF8684 /* TableviewProgrammatically.app */ = {isa = PBXFileReference; explicitFileType = wrapper.application; includeInIndex = 0; path = TableviewProgrammatically.app; sourceTree = BUILT_PRODUCTS_DIR; };
		04FBD58A276C9A8000AF8684 /* AppDelegate.swift */ = {isa = PBXFileReference; lastKnownFileType = sourcecode.swift; path = AppDelegate.swift; sourceTree = "<group>"; };
		04FBD58C276C9A8000AF8684 /* SceneDelegate.swift */ = {isa = PBXFileReference; lastKnownFileType = sourcecode.swift; path = SceneDelegate.swift; sourceTree = "<group>"; };
		04FBD58E276C9A8000AF8684 /* ViewController.swift */ = {isa = PBXFileReference; lastKnownFileType = sourcecode.swift; path = ViewController.swift; sourceTree = "<group>"; };
		04FBD591276C9A8000AF8684 /* Base */ = {isa = PBXFileReference; lastKnownFileType = file.storyboard; name = Base; path = Base.lproj/Main.storyboard; sourceTree = "<group>"; };
		04FBD593276C9A8500AF8684 /* Assets.xcassets */ = {isa = PBXFileReference; lastKnownFileType = folder.assetcatalog; path = Assets.xcassets; sourceTree = "<group>"; };
		04FBD596276C9A8500AF8684 /* Base */ = {isa = PBXFileReference; lastKnownFileType = file.storyboard; name = Base; path = Base.lproj/LaunchScreen.storyboard; sourceTree = "<group>"; };
		04FBD598276C9A8500AF8684 /* Info.plist */ = {isa = PBXFileReference; lastKnownFileType = text.plist.xml; path = Info.plist; sourceTree = "<group>"; };
		04FBD5C2276D64BA00AF8684 /* HeaderView.swift */ = {isa = PBXFileReference; lastKnownFileType = sourcecode.swift; path = HeaderView.swift; sourceTree = "<group>"; };
		04FBD5C4276D652400AF8684 /* FooterView.swift */ = {isa = PBXFileReference; lastKnownFileType = sourcecode.swift; path = FooterView.swift; sourceTree = "<group>"; };
/* End PBXFileReference section */

/* Begin PBXFrameworksBuildPhase section */
		04FBD584276C9A8000AF8684 /* Frameworks */ = {
			isa = PBXFrameworksBuildPhase;
			buildActionMask = 2147483647;
			files = (
			);
			runOnlyForDeploymentPostprocessing = 0;
		};
/* End PBXFrameworksBuildPhase section */

/* Begin PBXGroup section */
		04FBD57E276C9A8000AF8684 = {
			isa = PBXGroup;
			children = (
				04FBD589276C9A8000AF8684 /* TableviewProgrammatically */,
				04FBD588276C9A8000AF8684 /* Products */,
			);
			sourceTree = "<group>";
		};
		04FBD588276C9A8000AF8684 /* Products */ = {
			isa = PBXGroup;
			children = (
				04FBD587276C9A8000AF8684 /* TableviewProgrammatically.app */,
			);
			name = Products;
			sourceTree = "<group>";
		};
		04FBD589276C9A8000AF8684 /* TableviewProgrammatically */ = {
			isa = PBXGroup;
			children = (
				04FBD58A276C9A8000AF8684 /* AppDelegate.swift */,
				04FBD58C276C9A8000AF8684 /* SceneDelegate.swift */,
				04FBD58E276C9A8000AF8684 /* ViewController.swift */,
				04FBD5C2276D64BA00AF8684 /* HeaderView.swift */,
				04FBD5C4276D652400AF8684 /* FooterView.swift */,
				04FBD590276C9A8000AF8684 /* Main.storyboard */,
				04FBD593276C9A8500AF8684 /* Assets.xcassets */,
				04FBD595276C9A8500AF8684 /* LaunchScreen.storyboard */,
				04FBD598276C9A8500AF8684 /* Info.plist */,
			);
			path = TableviewProgrammatically;
			sourceTree = "<group>";
		};
/* End PBXGroup section */

/* Begin PBXNativeTarget section */
		04FBD586276C9A8000AF8684 /* TableviewProgrammatically */ = {
			isa = PBXNativeTarget;
			buildConfigurationList = 04FBD59B276C9A8500AF8684 /* Build configuration list for PBXNativeTarget "TableviewProgrammatically" */;
			buildPhases = (
				04FBD583276C9A8000AF8684 /* Sources */,
				04FBD584276C9A8000AF8684 /* Frameworks */,
				04FBD585276C9A8000AF8684 /* Resources */,
			);
			buildRules = (
			);
			dependencies = (
			);
			name = TableviewProgrammatically;
			productName = TableviewProgrammatically;
			productReference = 04FBD587276C9A8000AF8684 /* TableviewProgrammatically.app */;
			productType = "com.apple.product-type.application";
		};
/* End PBXNativeTarget section */

/* Begin PBXProject section */
		04FBD57F276C9A8000AF8684 /* Project object */ = {
			isa = PBXProject;
			attributes = {
				BuildIndependentTargetsInParallel = 1;
				LastSwiftUpdateCheck = 1300;
				LastUpgradeCheck = 1300;
				TargetAttributes = {
					04FBD586276C9A8000AF8684 = {
						CreatedOnToolsVersion = 13.0;
					};
				};
			};
			buildConfigurationList = 04FBD582276C9A8000AF8684 /* Build configuration list for PBXProject "TableviewProgrammatically" */;
			compatibilityVersion = "Xcode 13.0";
			developmentRegion = en;
			hasScannedForEncodings = 0;
			knownRegions = (
				en,
				Base,
			);
			mainGroup = 04FBD57E276C9A8000AF8684;
			productRefGroup = 04FBD588276C9A8000AF8684 /* Products */;
			projectDirPath = "";
			projectRoot = "";
			targets = (
				04FBD586276C9A8000AF8684 /* TableviewProgrammatically */,
			);
		};
/* End PBXProject section */

/* Begin PBXResourcesBuildPhase section */
		04FBD585276C9A8000AF8684 /* Resources */ = {
			isa = PBXResourcesBuildPhase;
			buildActionMask = 2147483647;
			files = (
				04FBD597276C9A8500AF8684 /* LaunchScreen.storyboard in Resources */,
				04FBD594276C9A8500AF8684 /* Assets.xcassets in Resources */,
				04FBD592276C9A8000AF8684 /* Main.storyboard in Resources */,
			);
			runOnlyForDeploymentPostprocessing = 0;
		};
/* End PBXResourcesBuildPhase section */

/* Begin PBXSourcesBuildPhase section */
		04FBD583276C9A8000AF8684 /* Sources */ = {
			isa = PBXSourcesBuildPhase;
			buildActionMask = 2147483647;
			files = (
				04FBD58F276C9A8000AF8684 /* ViewController.swift in Sources */,
				04FBD58B276C9A8000AF8684 /* AppDelegate.swift in Sources */,
				04FBD58D276C9A8000AF8684 /* SceneDelegate.swift in Sources */,
				04FBD5C5276D652500AF8684 /* FooterView.swift in Sources */,
				04FBD5C3276D64BA00AF8684 /* HeaderView.swift in Sources */,
			);
			runOnlyForDeploymentPostprocessing = 0;
		};
/* End PBXSourcesBuildPhase section */

/* Begin PBXVariantGroup section */
		04FBD590276C9A8000AF8684 /* Main.storyboard */ = {
			isa = PBXVariantGroup;
			children = (
				04FBD591276C9A8000AF8684 /* Base */,
			);
			name = Main.storyboard;
			sourceTree = "<group>";
		};
		04FBD595276C9A8500AF8684 /* LaunchScreen.storyboard */ = {
			isa = PBXVariantGroup;
			children = (
				04FBD596276C9A8500AF8684 /* Base */,
			);
			name = LaunchScreen.storyboard;
			sourceTree = "<group>";
		};
/* End PBXVariantGroup section */

/* Begin XCBuildConfiguration section */
		04FBD599276C9A8500AF8684 /* Debug */ = {
			isa = XCBuildConfiguration;
			buildSettings = {
				ALWAYS_SEARCH_USER_PATHS = NO;
				CLANG_ANALYZER_NONNULL = YES;
				CLANG_ANALYZER_NUMBER_OBJECT_CONVERSION = YES_AGGRESSIVE;
				CLANG_CXX_LANGUAGE_STANDARD = "gnu++17";
				CLANG_CXX_LIBRARY = "libc++";
				CLANG_ENABLE_MODULES = YES;
				CLANG_ENABLE_OBJC_ARC = YES;
				CLANG_ENABLE_OBJC_WEAK = YES;
				CLANG_WARN_BLOCK_CAPTURE_AUTORELEASING = YES;
				CLANG_WARN_BOOL_CONVERSION = YES;
				CLANG_WARN_COMMA = YES;
				CLANG_WARN_CONSTANT_CONVERSION = YES;
				CLANG_WARN_DEPRECATED_OBJC_IMPLEMENTATIONS = YES;
				CLANG_WARN_DIRECT_OBJC_ISA_USAGE = YES_ERROR;
				CLANG_WARN_DOCUMENTATION_COMMENTS = YES;
				CLANG_WARN_EMPTY_BODY = YES;
				CLANG_WARN_ENUM_CONVERSION = YES;
				CLANG_WARN_INFINITE_RECURSION = YES;
				CLANG_WARN_INT_CONVERSION = YES;
				CLANG_WARN_NON_LITERAL_NULL_CONVERSION = YES;
				CLANG_WARN_OBJC_IMPLICIT_RETAIN_SELF = YES;
				CLANG_WARN_OBJC_LITERAL_CONVERSION = YES;
				CLANG_WARN_OBJC_ROOT_CLASS = YES_ERROR;
				CLANG_WARN_QUOTED_INCLUDE_IN_FRAMEWORK_HEADER = YES;
				CLANG_WARN_RANGE_LOOP_ANALYSIS = YES;
				CLANG_WARN_STRICT_PROTOTYPES = YES;
				CLANG_WARN_SUSPICIOUS_MOVE = YES;
				CLANG_WARN_UNGUARDED_AVAILABILITY = YES_AGGRESSIVE;
				CLANG_WARN_UNREACHABLE_CODE = YES;
				CLANG_WARN__DUPLICATE_METHOD_MATCH = YES;
				COPY_PHASE_STRIP = NO;
				DEBUG_INFORMATION_FORMAT = dwarf;
				ENABLE_STRICT_OBJC_MSGSEND = YES;
				ENABLE_TESTABILITY = YES;
				GCC_C_LANGUAGE_STANDARD = gnu11;
				GCC_DYNAMIC_NO_PIC = NO;
				GCC_NO_COMMON_BLOCKS = YES;
				GCC_OPTIMIZATION_LEVEL = 0;
				GCC_PREPROCESSOR_DEFINITIONS = (
					"DEBUG=1",
					"$(inherited)",
				);
				GCC_WARN_64_TO_32_BIT_CONVERSION = YES;
				GCC_WARN_ABOUT_RETURN_TYPE = YES_ERROR;
				GCC_WARN_UNDECLARED_SELECTOR = YES;
				GCC_WARN_UNINITIALIZED_AUTOS = YES_AGGRESSIVE;
				GCC_WARN_UNUSED_FUNCTION = YES;
				GCC_WARN_UNUSED_VARIABLE = YES;
				IPHONEOS_DEPLOYMENT_TARGET = 15.0;
				MTL_ENABLE_DEBUG_INFO = INCLUDE_SOURCE;
				MTL_FAST_MATH = YES;
				ONLY_ACTIVE_ARCH = YES;
				SDKROOT = iphoneos;
				SWIFT_ACTIVE_COMPILATION_CONDITIONS = DEBUG;
				SWIFT_OPTIMIZATION_LEVEL = "-Onone";
			};
			name = Debug;
		};
		04FBD59A276C9A8500AF8684 /* Release */ = {
			isa = XCBuildConfiguration;
			buildSettings = {
				ALWAYS_SEARCH_USER_PATHS = NO;
				CLANG_ANALYZER_NONNULL = YES;
				CLANG_ANALYZER_NUMBER_OBJECT_CONVERSION = YES_AGGRESSIVE;
				CLANG_CXX_LANGUAGE_STANDARD = "gnu++17";
				CLANG_CXX_LIBRARY = "libc++";
				CLANG_ENABLE_MODULES = YES;
				CLANG_ENABLE_OBJC_ARC = YES;
				CLANG_ENABLE_OBJC_WEAK = YES;
				CLANG_WARN_BLOCK_CAPTURE_AUTORELEASING = YES;
				CLANG_WARN_BOOL_CONVERSION = YES;
				CLANG_WARN_COMMA = YES;
				CLANG_WARN_CONSTANT_CONVERSION = YES;
				CLANG_WARN_DEPRECATED_OBJC_IMPLEMENTATIONS = YES;
				CLANG_WARN_DIRECT_OBJC_ISA_USAGE = YES_ERROR;
				CLANG_WARN_DOCUMENTATION_COMMENTS = YES;
				CLANG_WARN_EMPTY_BODY = YES;
				CLANG_WARN_ENUM_CONVERSION = YES;
				CLANG_WARN_INFINITE_RECURSION = YES;
				CLANG_WARN_INT_CONVERSION = YES;
				CLANG_WARN_NON_LITERAL_NULL_CONVERSION = YES;
				CLANG_WARN_OBJC_IMPLICIT_RETAIN_SELF = YES;
				CLANG_WARN_OBJC_LITERAL_CONVERSION = YES;
				CLANG_WARN_OBJC_ROOT_CLASS = YES_ERROR;
				CLANG_WARN_QUOTED_INCLUDE_IN_FRAMEWORK_HEADER = YES;
				CLANG_WARN_RANGE_LOOP_ANALYSIS = YES;
				CLANG_WARN_STRICT_PROTOTYPES = YES;
				CLANG_WARN_SUSPICIOUS_MOVE = YES;
				CLANG_WARN_UNGUARDED_AVAILABILITY = YES_AGGRESSIVE;
				CLANG_WARN_UNREACHABLE_CODE = YES;
				CLANG_WARN__DUPLICATE_METHOD_MATCH = YES;
				COPY_PHASE_STRIP = NO;
				DEBUG_INFORMATION_FORMAT = "dwarf-with-dsym";
				ENABLE_NS_ASSERTIONS = NO;
				ENABLE_STRICT_OBJC_MSGSEND = YES;
				GCC_C_LANGUAGE_STANDARD = gnu11;
				GCC_NO_COMMON_BLOCKS = YES;
				GCC_WARN_64_TO_32_BIT_CONVERSION = YES;
				GCC_WARN_ABOUT_RETURN_TYPE = YES_ERROR;
				GCC_WARN_UNDECLARED_SELECTOR = YES;
				GCC_WARN_UNINITIALIZED_AUTOS = YES_AGGRESSIVE;
				GCC_WARN_UNUSED_FUNCTION = YES;
				GCC_WARN_UNUSED_VARIABLE = YES;
				IPHONEOS_DEPLOYMENT_TARGET = 15.0;
				MTL_ENABLE_DEBUG_INFO = NO;
				MTL_FAST_MATH = YES;
				SDKROOT = iphoneos;
				SWIFT_COMPILATION_MODE = wholemodule;
				SWIFT_OPTIMIZATION_LEVEL = "-O";
				VALIDATE_PRODUCT = YES;
			};
			name = Release;
		};
		04FBD59C276C9A8500AF8684 /* Debug */ = {
			isa = XCBuildConfiguration;
			buildSettings = {
				ASSETCATALOG_COMPILER_APPICON_NAME = AppIcon;
				ASSETCATALOG_COMPILER_GLOBAL_ACCENT_COLOR_NAME = AccentColor;
				CODE_SIGN_STYLE = Automatic;
				CURRENT_PROJECT_VERSION = 1;
				DEVELOPMENT_TEAM = WT77VV47BZ;
				GENERATE_INFOPLIST_FILE = YES;
				INFOPLIST_FILE = TableviewProgrammatically/Info.plist;
				INFOPLIST_KEY_UIApplicationSupportsIndirectInputEvents = YES;
				INFOPLIST_KEY_UILaunchStoryboardName = LaunchScreen;
				INFOPLIST_KEY_UIMainStoryboardFile = Main;
				INFOPLIST_KEY_UISupportedInterfaceOrientations_iPad = "UIInterfaceOrientationPortrait UIInterfaceOrientationPortraitUpsideDown UIInterfaceOrientationLandscapeLeft UIInterfaceOrientationLandscapeRight";
				INFOPLIST_KEY_UISupportedInterfaceOrientations_iPhone = "UIInterfaceOrientationPortrait UIInterfaceOrientationLandscapeLeft UIInterfaceOrientationLandscapeRight";
				LD_RUNPATH_SEARCH_PATHS = (
					"$(inherited)",
					"@executable_path/Frameworks",
				);
				MARKETING_VERSION = 1.0;
				PRODUCT_BUNDLE_IDENTIFIER = "com.tony-kara.TableviewProgrammatically";
				PRODUCT_NAME = "$(TARGET_NAME)";
				SWIFT_EMIT_LOC_STRINGS = YES;
				SWIFT_VERSION = 5.0;
				TARGETED_DEVICE_FAMILY = "1,2";
			};
			name = Debug;
		};
		04FBD59D276C9A8500AF8684 /* Release */ = {
			isa = XCBuildConfiguration;
			buildSettings = {
				ASSETCATALOG_COMPILER_APPICON_NAME = AppIcon;
				ASSETCATALOG_COMPILER_GLOBAL_ACCENT_COLOR_NAME = AccentColor;
				CODE_SIGN_STYLE = Automatic;
				CURRENT_PROJECT_VERSION = 1;
				DEVELOPMENT_TEAM = WT77VV47BZ;
				GENERATE_INFOPLIST_FILE = YES;
				INFOPLIST_FILE = TableviewProgrammatically/Info.plist;
				INFOPLIST_KEY_UIApplicationSupportsIndirectInputEvents = YES;
				INFOPLIST_KEY_UILaunchStoryboardName = LaunchScreen;
				INFOPLIST_KEY_UIMainStoryboardFile = Main;
				INFOPLIST_KEY_UISupportedInterfaceOrientations_iPad = "UIInterfaceOrientationPortrait UIInterfaceOrientationPortraitUpsideDown UIInterfaceOrientationLandscapeLeft UIInterfaceOrientationLandscapeRight";
				INFOPLIST_KEY_UISupportedInterfaceOrientations_iPhone = "UIInterfaceOrientationPortrait UIInterfaceOrientationLandscapeLeft UIInterfaceOrientationLandscapeRight";
				LD_RUNPATH_SEARCH_PATHS = (
					"$(inherited)",
					"@executable_path/Frameworks",
				);
				MARKETING_VERSION = 1.0;
				PRODUCT_BUNDLE_IDENTIFIER = "com.tony-kara.TableviewProgrammatically";
				PRODUCT_NAME = "$(TARGET_NAME)";
				SWIFT_EMIT_LOC_STRINGS = YES;
				SWIFT_VERSION = 5.0;
				TARGETED_DEVICE_FAMILY = "1,2";
			};
			name = Release;
		};
/* End XCBuildConfiguration section */

/* Begin XCConfigurationList section */
		04FBD582276C9A8000AF8684 /* Build configuration list for PBXProject "TableviewProgrammatically" */ = {
			isa = XCConfigurationList;
			buildConfigurations = (
				04FBD599276C9A8500AF8684 /* Debug */,
				04FBD59A276C9A8500AF8684 /* Release */,
			);
			defaultConfigurationIsVisible = 0;
			defaultConfigurationName = Release;
		};
		04FBD59B276C9A8500AF8684 /* Build configuration list for PBXNativeTarget "TableviewProgrammatically" */ = {
			isa = XCConfigurationList;
			buildConfigurations = (
				04FBD59C276C9A8500AF8684 /* Debug */,
				04FBD59D276C9A8500AF8684 /* Release */,
			);
			defaultConfigurationIsVisible = 0;
			defaultConfigurationName = Release;
		};
/* End XCConfigurationList section */
	};
	rootObject = 04FBD57F276C9A8000AF8684 /* Project object */;
}
